
Microsoft Visual Studio Solution File, Format Version 12.00
# Visual Studio Version 17
VisualStudioVersion = 17.8.34511.84
MinimumVisualStudioVersion = 10.0.40219.1
Project("{9A19103F-16F7-4668-BE54-9A1E7A4F7556}") = "ngTV", "ngTV\ngTV.csproj", "{27CC101A-C789-453B-A599-622B5A68ACB2}"
EndProject
Global
	GlobalSection(SolutionConfigurationPlatforms) = preSolution
		Debug|Any CPU = Debug|Any CPU
		Release|Any CPU = Release|Any CPU
	EndGlobalSection
	GlobalSection(ProjectConfigurationPlatforms) = postSolution
		{27CC101A-C789-453B-A599-622B5A68ACB2}.Debug|Any CPU.ActiveCfg = Debug|Any CPU
		{27CC101A-C789-453B-A599-622B5A68ACB2}.Debug|Any CPU.Build.0 = Debug|Any CPU
		{27CC101A-C789-453B-A599-622B5A68ACB2}.Release|Any CPU.ActiveCfg = Release|Any CPU
		{27CC101A-C789-453B-A599-622B5A68ACB2}.Release|Any CPU.Build.0 = Release|Any CPU
	EndGlobalSection
	GlobalSection(SolutionProperties) = preSolution
		HideSolutionNode = FALSE
	EndGlobalSection
	GlobalSection(ExtensibilityGlobals) = postSolution
		SolutionGuid = {343651FC-ED7A-4442-9019-660C72B38287}
	EndGlobalSection
EndGlobal
